
Microsoft Visual Studio Solution File, Format Version 12.00
# Visual Studio Version 17
VisualStudioVersion = 17.7.34024.191
MinimumVisualStudioVersion = 10.0.40219.1
Project("{FAE04EC0-301F-11D3-BF4B-00C04F79EFBC}") = "PiotrrKubas.MathGame", "PiotrrKubas.MathGame.csproj", "{CEE8C591-92A8-4E83-B158-FFE9AB66E422}"
EndProject
Global
	GlobalSection(SolutionConfigurationPlatforms) = preSolution
		Debug|Any CPU = Debug|Any CPU
		Release|Any CPU = Release|Any CPU
	EndGlobalSection
	GlobalSection(ProjectConfigurationPlatforms) = postSolution
		{CEE8C591-92A8-4E83-B158-FFE9AB66E422}.Debug|Any CPU.ActiveCfg = Debug|Any CPU
		{CEE8C591-92A8-4E83-B158-FFE9AB66E422}.Debug|Any CPU.Build.0 = Debug|Any CPU
		{CEE8C591-92A8-4E83-B158-FFE9AB66E422}.Release|Any CPU.ActiveCfg = Release|Any CPU
		{CEE8C591-92A8-4E83-B158-FFE9AB66E422}.Release|Any CPU.Build.0 = Release|Any CPU
	EndGlobalSection
	GlobalSection(SolutionProperties) = preSolution
		HideSolutionNode = FALSE
	EndGlobalSection
	GlobalSection(ExtensibilityGlobals) = postSolution
		SolutionGuid = {5311270E-0F4F-42C7-B463-215C157CDD94}
	EndGlobalSection
EndGlobal
